
Microsoft Visual Studio Solution File, Format Version 12.00
# Visual Studio Version 17
VisualStudioVersion = 17.1.32414.318
MinimumVisualStudioVersion = 10.0.40219.1
Project("{FAE04EC0-301F-11D3-BF4B-00C04F79EFBC}") = "FiddlerToCode", "FiddlerToCode.csproj", "{C6B50AB8-8B40-42E3-A5EC-453EEB2503D1}"
EndProject
Global
	GlobalSection(SolutionConfigurationPlatforms) = preSolution
		Debug|Any CPU = Debug|Any CPU
		Release|Any CPU = Release|Any CPU
	EndGlobalSection
	GlobalSection(ProjectConfigurationPlatforms) = postSolution
		{C6B50AB8-8B40-42E3-A5EC-453EEB2503D1}.Debug|Any CPU.ActiveCfg = Debug|Any CPU
		{C6B50AB8-8B40-42E3-A5EC-453EEB2503D1}.Debug|Any CPU.Build.0 = Debug|Any CPU
		{C6B50AB8-8B40-42E3-A5EC-453EEB2503D1}.Release|Any CPU.ActiveCfg = Release|Any CPU
		{C6B50AB8-8B40-42E3-A5EC-453EEB2503D1}.Release|Any CPU.Build.0 = Release|Any CPU
	EndGlobalSection
	GlobalSection(SolutionProperties) = preSolution
		HideSolutionNode = FALSE
	EndGlobalSection
	GlobalSection(ExtensibilityGlobals) = postSolution
		SolutionGuid = {0B3FBC10-5EFD-4971-AE89-C42CF5B9A109}
	EndGlobalSection
EndGlobal
